
Microsoft Visual Studio Solution File, Format Version 12.00
# Visual Studio 15
VisualStudioVersion = 15.0.26228.10
MinimumVisualStudioVersion = 10.0.40219.1
Project("{2150E333-8FDC-42A3-9474-1A3956D46DE8}") = "src", "src", "{27229A0E-9700-41F3-B062-D21A9EAF8311}"
EndProject
Project("{2150E333-8FDC-42A3-9474-1A3956D46DE8}") = "Solution Items", "Solution Items", "{6D4890A4-CAB7-4492-8D14-C083FE56EE17}"
EndProject
Project("{9A19103F-16F7-4668-BE54-9A1E7A4F7556}") = "ZKWeb.Plugins", "src\ZKWeb.Plugins\ZKWeb.Plugins.csproj", "{28401306-18AD-4377-8312-A7E02E8D6DDA}"
EndProject
Global
	GlobalSection(SolutionConfigurationPlatforms) = preSolution
		Debug|Any CPU = Debug|Any CPU
		Release|Any CPU = Release|Any CPU
	EndGlobalSection
	GlobalSection(ProjectConfigurationPlatforms) = postSolution
		{28401306-18AD-4377-8312-A7E02E8D6DDA}.Debug|Any CPU.ActiveCfg = Debug|Any CPU
		{28401306-18AD-4377-8312-A7E02E8D6DDA}.Debug|Any CPU.Build.0 = Debug|Any CPU
		{28401306-18AD-4377-8312-A7E02E8D6DDA}.Release|Any CPU.ActiveCfg = Release|Any CPU
		{28401306-18AD-4377-8312-A7E02E8D6DDA}.Release|Any CPU.Build.0 = Release|Any CPU
	EndGlobalSection
	GlobalSection(SolutionProperties) = preSolution
		HideSolutionNode = FALSE
	EndGlobalSection
	GlobalSection(NestedProjects) = preSolution
		{28401306-18AD-4377-8312-A7E02E8D6DDA} = {27229A0E-9700-41F3-B062-D21A9EAF8311}
	EndGlobalSection
EndGlobal
